
Microsoft Visual Studio Solution File, Format Version 11.00
# Visual Studio 2010
Project("{8BC9CEB8-8B4A-11D0-8D11-00A0C91BC942}") = "gml", "gml\gml.vcxproj", "{924E68BA-DB23-4EE3-B49B-4302984CC727}"
EndProject
Project("{8BC9CEB8-8B4A-11D0-8D11-00A0C91BC942}") = "GMLLib", "GMLLib\GMLLib.vcxproj", "{D218E74E-F7BB-40F8-9791-D2DEC548EE2A}"
EndProject
Global
	GlobalSection(SolutionConfigurationPlatforms) = preSolution
		Debug|Win32 = Debug|Win32
		Release|Win32 = Release|Win32
	EndGlobalSection
	GlobalSection(ProjectConfigurationPlatforms) = postSolution
		{924E68BA-DB23-4EE3-B49B-4302984CC727}.Debug|Win32.ActiveCfg = Debug|Win32
		{924E68BA-DB23-4EE3-B49B-4302984CC727}.Debug|Win32.Build.0 = Debug|Win32
		{924E68BA-DB23-4EE3-B49B-4302984CC727}.Release|Win32.ActiveCfg = Release|Win32
		{924E68BA-DB23-4EE3-B49B-4302984CC727}.Release|Win32.Build.0 = Release|Win32
		{D218E74E-F7BB-40F8-9791-D2DEC548EE2A}.Debug|Win32.ActiveCfg = Debug|Win32
		{D218E74E-F7BB-40F8-9791-D2DEC548EE2A}.Debug|Win32.Build.0 = Debug|Win32
		{D218E74E-F7BB-40F8-9791-D2DEC548EE2A}.Release|Win32.ActiveCfg = Release|Win32
		{D218E74E-F7BB-40F8-9791-D2DEC548EE2A}.Release|Win32.Build.0 = Release|Win32
	EndGlobalSection
	GlobalSection(SolutionProperties) = preSolution
		HideSolutionNode = FALSE
	EndGlobalSection
EndGlobal
