<?xml version="1.0" encoding="utf-8"?>
<Project ToolsVersion="4.0" xmlns="http://schemas.microsoft.com/developer/msbuild/2003">
  <ItemGroup>
    <ClCompile Include="..\..\code\Algorithms\ProbVectorMachine\src\KernelFunctionScalar.cpp">
      <Filter>Working Andrei\KernelFunctions\Scalar</Filter>
    </ClCompile>
    <ClCompile Include="..\..\code\Algorithms\ProbVectorMachine\src\KernelFunctionScalarParametrized.cpp">
      <Filter>Working Andrei\KernelFunctions\Scalar</Filter>
    </ClCompile>
    <ClCompile Include="..\..\code\Algorithms\ProbVectorMachine\src\KernelFunctionRBF.cpp">
      <Filter>Working Andrei\KernelFunctions\RBF</Filter>
    </ClCompile>
    <ClCompile Include="..\..\code\Algorithms\ProbVectorMachine\src\KernelFunctionRBFParametrized.cpp">
      <Filter>Working Andrei\KernelFunctions\RBF</Filter>
    </ClCompile>
    <ClCompile Include="..\..\code\Algorithms\ProbVectorMachine\src\KernelFunctionPoly.cpp">
      <Filter>Working Andrei\KernelFunctions\Poly</Filter>
    </ClCompile>
    <ClCompile Include="..\..\code\Algorithms\ProbVectorMachine\src\KernelFunctionPolyParametrized.cpp">
      <Filter>Working Andrei\KernelFunctions\Poly</Filter>
    </ClCompile>
    <ClCompile Include="..\..\code\Algorithms\ProbVectorMachine\src\KernelFunctionDBG.cpp">
      <Filter>Working Andrei\KernelFunctions</Filter>
    </ClCompile>
    <ClCompile Include="..\..\code\Algorithms\ProbVectorMachine\src\KernelWrapper.cpp">
      <Filter>Working Andrei\KernelFunctions\KernelWrapper</Filter>
    </ClCompile>
    <ClCompile Include="dllmain.cpp">
      <Filter>Main Algorithm</Filter>
    </ClCompile>
    <ClCompile Include="..\..\code\Algorithms\ProbVectorMachine\src\ProbVectorMachine.cpp">
      <Filter>Main Algorithm</Filter>
    </ClCompile>
    <ClCompile Include="..\..\code\Algorithms\ProbVectorMachine\src\PreCache.cpp">
      <Filter>Working Mihai\PreCache</Filter>
    </ClCompile>
  </ItemGroup>
  <ItemGroup>
    <ClInclude Include="..\..\code\Algorithms\ProbVectorMachine\inc\PVMDefinesTypes.h">
      <Filter>PVMDefines</Filter>
    </ClInclude>
    <ClInclude Include="..\..\code\Algorithms\ProbVectorMachine\inc\PVMDefinesInclude.h">
      <Filter>PVMDefines</Filter>
    </ClInclude>
    <ClInclude Include="..\..\code\Algorithms\ProbVectorMachine\inc\KernelFunctionInclude.h">
      <Filter>Working Andrei\KernelFunctions</Filter>
    </ClInclude>
    <ClInclude Include="..\..\code\Algorithms\ProbVectorMachine\inc\PVMDefinesKeywords.h">
      <Filter>PVMDefines</Filter>
    </ClInclude>
    <ClInclude Include="..\..\code\Algorithms\ProbVectorMachine\inc\MathFunctions.h">
      <Filter>Working Andrei\MathFunctions</Filter>
    </ClInclude>
    <ClInclude Include="..\..\code\Algorithms\ProbVectorMachine\inc\PVMMacros.h">
      <Filter>PVMDefines</Filter>
    </ClInclude>
    <ClInclude Include="..\..\code\Algorithms\ProbVectorMachine\inc\KernelFunctionDBG.h">
      <Filter>Working Andrei\KernelFunctions</Filter>
    </ClInclude>
    <ClInclude Include="..\..\code\Algorithms\ProbVectorMachine\inc\KernelFunctionScalarParametrized.h">
      <Filter>Working Andrei\KernelFunctions\Scalar</Filter>
    </ClInclude>
    <ClInclude Include="..\..\code\Algorithms\ProbVectorMachine\inc\KernelFunctionScalar.h">
      <Filter>Working Andrei\KernelFunctions\Scalar</Filter>
    </ClInclude>
    <ClInclude Include="..\..\code\Algorithms\ProbVectorMachine\inc\KernelFunctionRBFParametrized.h">
      <Filter>Working Andrei\KernelFunctions\RBF</Filter>
    </ClInclude>
    <ClInclude Include="..\..\code\Algorithms\ProbVectorMachine\inc\KernelFunctionRBF.h">
      <Filter>Working Andrei\KernelFunctions\RBF</Filter>
    </ClInclude>
    <ClInclude Include="..\..\code\Algorithms\ProbVectorMachine\inc\KernelFunctionPolyParametrized.h">
      <Filter>Working Andrei\KernelFunctions\Poly</Filter>
    </ClInclude>
    <ClInclude Include="..\..\code\Algorithms\ProbVectorMachine\inc\KernelFunctionPoly.h">
      <Filter>Working Andrei\KernelFunctions\Poly</Filter>
    </ClInclude>
    <ClInclude Include="..\..\code\Algorithms\ProbVectorMachine\inc\KernelWrapper.h">
      <Filter>Working Andrei\KernelFunctions\KernelWrapper</Filter>
    </ClInclude>
    <ClInclude Include="..\..\code\Algorithms\ProbVectorMachine\inc\KernelFunction.h">
      <Filter>Working Andrei\KernelFunctions</Filter>
    </ClInclude>
    <ClInclude Include="..\..\code\Algorithms\ProbVectorMachine\inc\ProbVectorMachine.h">
      <Filter>Main Algorithm</Filter>
    </ClInclude>
    <ClInclude Include="..\..\code\Algorithms\ProbVectorMachine\inc\PreCache.h">
      <Filter>Working Mihai\PreCache</Filter>
    </ClInclude>
    <ClInclude Include="..\..\code\Algorithms\ProbVectorMachine\inc\PVMDefinesConstants.h">
      <Filter>PVMDefines</Filter>
    </ClInclude>
  </ItemGroup>
  <ItemGroup>
    <Filter Include="Working Andrei">
      <UniqueIdentifier>{2875c734-1883-4df9-856c-55835352ff05}</UniqueIdentifier>
    </Filter>
    <Filter Include="Working Mihai">
      <UniqueIdentifier>{b38b914b-be59-4cd9-81e2-e4c9dcabfe0d}</UniqueIdentifier>
    </Filter>
    <Filter Include="PVMDefines">
      <UniqueIdentifier>{5f21d05e-8e0f-4daa-ae1f-7d8eb131d347}</UniqueIdentifier>
    </Filter>
    <Filter Include="Working Andrei\KernelFunctions">
      <UniqueIdentifier>{3554545b-f63b-44d7-9d07-94b39f0bcc00}</UniqueIdentifier>
    </Filter>
    <Filter Include="Working Andrei\MathFunctions">
      <UniqueIdentifier>{fcacdd0a-afb8-459c-bef8-4fac70d6e0fc}</UniqueIdentifier>
    </Filter>
    <Filter Include="Working Andrei\KernelFunctions\Scalar">
      <UniqueIdentifier>{916ccc92-acb6-45a0-b08e-89c4db9bf2f3}</UniqueIdentifier>
    </Filter>
    <Filter Include="Working Andrei\KernelFunctions\RBF">
      <UniqueIdentifier>{0510a1b3-72f1-4285-9672-f9fc3d191971}</UniqueIdentifier>
    </Filter>
    <Filter Include="Working Andrei\KernelFunctions\Poly">
      <UniqueIdentifier>{b7f07680-1954-4bd2-9796-beeea212344e}</UniqueIdentifier>
    </Filter>
    <Filter Include="Working Andrei\KernelFunctions\KernelWrapper">
      <UniqueIdentifier>{ee47b58d-46df-424e-b513-8a3c323b059c}</UniqueIdentifier>
    </Filter>
    <Filter Include="Working Mihai\PreCache">
      <UniqueIdentifier>{a9740a97-b6c5-4586-a8d3-4ef414b4cbe2}</UniqueIdentifier>
    </Filter>
    <Filter Include="Main Algorithm">
      <UniqueIdentifier>{07698e43-f005-4fb6-9f85-fb069e3d1c47}</UniqueIdentifier>
    </Filter>
  </ItemGroup>
</Project>