
Microsoft Visual Studio Solution File, Format Version 11.00
# Visual Studio 2010
Project("{8BC9CEB8-8B4A-11D0-8D11-00A0C91BC942}") = "GMLLib", "GMLLib\GMLLib.vcxproj", "{D218E74E-F7BB-40F8-9791-D2DEC548EE2A}"
EndProject
Project("{2150E333-8FDC-42A3-9474-1A3956D46DE8}") = "Notifiers", "Notifiers", "{54E1725C-7B50-4C30-A28A-0262D7EBFC15}"
EndProject
Project("{2150E333-8FDC-42A3-9474-1A3956D46DE8}") = "Databases", "Databases", "{5239E43E-CF89-497B-A9F5-20F4581FB7C3}"
EndProject
Project("{2150E333-8FDC-42A3-9474-1A3956D46DE8}") = "Algorithm", "Algorithm", "{EDF5ED9C-8524-443D-9C31-AB2C5DA3341D}"
EndProject
Project("{2150E333-8FDC-42A3-9474-1A3956D46DE8}") = "Connectors", "Connectors", "{CB091987-2341-425C-835B-C77596F5ABB0}"
EndProject
Project("{8BC9CEB8-8B4A-11D0-8D11-00A0C91BC942}") = "Test", "Test\Test.vcxproj", "{0EFF33E4-4013-4FC7-AA4C-D2E1DAF9A43D}"
	ProjectSection(ProjectDependencies) = postProject
		{D218E74E-F7BB-40F8-9791-D2DEC548EE2A} = {D218E74E-F7BB-40F8-9791-D2DEC548EE2A}
	EndProjectSection
EndProject
Project("{8BC9CEB8-8B4A-11D0-8D11-00A0C91BC942}") = "BatchPerceptron", "Algorithms\BatchPerceptron\BatchPerceptron.vcxproj", "{885E1B6D-F1F8-41D6-AE93-2EC44C48077B}"
	ProjectSection(ProjectDependencies) = postProject
		{D218E74E-F7BB-40F8-9791-D2DEC548EE2A} = {D218E74E-F7BB-40F8-9791-D2DEC548EE2A}
	EndProjectSection
EndProject
Project("{8BC9CEB8-8B4A-11D0-8D11-00A0C91BC942}") = "RosenblattPerceptron", "Algorithms\RosenblattPerceptron\RosenblattPerceptron.vcxproj", "{70C2658A-6177-49F0-97A1-0EF9BA8FF6E3}"
	ProjectSection(ProjectDependencies) = postProject
		{D218E74E-F7BB-40F8-9791-D2DEC548EE2A} = {D218E74E-F7BB-40F8-9791-D2DEC548EE2A}
	EndProjectSection
EndProject
Project("{8BC9CEB8-8B4A-11D0-8D11-00A0C91BC942}") = "BitConnector", "Connectors\BitConnector\BitConnector.vcxproj", "{DABE1B18-56F3-460C-9E58-25F89B9C9765}"
	ProjectSection(ProjectDependencies) = postProject
		{D218E74E-F7BB-40F8-9791-D2DEC548EE2A} = {D218E74E-F7BB-40F8-9791-D2DEC548EE2A}
	EndProjectSection
EndProject
Project("{8BC9CEB8-8B4A-11D0-8D11-00A0C91BC942}") = "FullCacheConnector", "Connectors\FullCacheConnector\FullCacheConnector.vcxproj", "{1ECE0CF3-CB18-43D2-B8C8-F910F224CD97}"
	ProjectSection(ProjectDependencies) = postProject
		{D218E74E-F7BB-40F8-9791-D2DEC548EE2A} = {D218E74E-F7BB-40F8-9791-D2DEC548EE2A}
	EndProjectSection
EndProject
Project("{8BC9CEB8-8B4A-11D0-8D11-00A0C91BC942}") = "SplitConnector", "Connectors\SplitConnector\SplitConnector.vcxproj", "{951EFEE3-BF89-42EC-AA4E-E6CAE473E2CB}"
	ProjectSection(ProjectDependencies) = postProject
		{D218E74E-F7BB-40F8-9791-D2DEC548EE2A} = {D218E74E-F7BB-40F8-9791-D2DEC548EE2A}
	EndProjectSection
EndProject
Project("{8BC9CEB8-8B4A-11D0-8D11-00A0C91BC942}") = "SimpleTextFileDB", "Databases\SimpleTextFileDB\SimpleTextFileDB.vcxproj", "{089301A7-B086-4B1F-943B-9C110F719835}"
	ProjectSection(ProjectDependencies) = postProject
		{D218E74E-F7BB-40F8-9791-D2DEC548EE2A} = {D218E74E-F7BB-40F8-9791-D2DEC548EE2A}
	EndProjectSection
EndProject
Project("{8BC9CEB8-8B4A-11D0-8D11-00A0C91BC942}") = "Sqlite", "Databases\Sqlite\Sqlite.vcxproj", "{B560B716-6C44-487D-96E3-315230CEEAB4}"
	ProjectSection(ProjectDependencies) = postProject
		{D218E74E-F7BB-40F8-9791-D2DEC548EE2A} = {D218E74E-F7BB-40F8-9791-D2DEC548EE2A}
	EndProjectSection
EndProject
Project("{8BC9CEB8-8B4A-11D0-8D11-00A0C91BC942}") = "ConsoleNotifier", "Notifiers\ConsoleNotifier\ConsoleNotifier.vcxproj", "{EB787576-09FE-4AD3-9953-6FA1AA64D612}"
	ProjectSection(ProjectDependencies) = postProject
		{D218E74E-F7BB-40F8-9791-D2DEC548EE2A} = {D218E74E-F7BB-40F8-9791-D2DEC548EE2A}
	EndProjectSection
EndProject
Project("{8BC9CEB8-8B4A-11D0-8D11-00A0C91BC942}") = "MarginPerceptron", "Algorithms\MarginPerceptron\MarginPerceptron.vcxproj", "{E974EB5F-F042-4C4E-ACFA-DFC6A53A5CC5}"
	ProjectSection(ProjectDependencies) = postProject
		{D218E74E-F7BB-40F8-9791-D2DEC548EE2A} = {D218E74E-F7BB-40F8-9791-D2DEC548EE2A}
	EndProjectSection
EndProject
Project("{8BC9CEB8-8B4A-11D0-8D11-00A0C91BC942}") = "OneSidePerceptron", "Algorithms\OneSidePerceptron\OneSidePerceptron.vcxproj", "{4A132877-BADC-4859-8F5E-0B5935E8B997}"
	ProjectSection(ProjectDependencies) = postProject
		{D218E74E-F7BB-40F8-9791-D2DEC548EE2A} = {D218E74E-F7BB-40F8-9791-D2DEC548EE2A}
	EndProjectSection
EndProject
Project("{8BC9CEB8-8B4A-11D0-8D11-00A0C91BC942}") = "FeaturesStatistics", "Algorithms\FeaturesStatistics\FeaturesStatistics.vcxproj", "{B0A2D5CC-E222-40BE-93EB-3CED4B837D82}"
	ProjectSection(ProjectDependencies) = postProject
		{D218E74E-F7BB-40F8-9791-D2DEC548EE2A} = {D218E74E-F7BB-40F8-9791-D2DEC548EE2A}
	EndProjectSection
EndProject
Project("{8BC9CEB8-8B4A-11D0-8D11-00A0C91BC942}") = "AdalinePerceptron", "Algorithms\AdalinePerceptron\AdalinePerceptron.vcxproj", "{09F34650-81FC-42D9-8D86-A32606BB605E}"
	ProjectSection(ProjectDependencies) = postProject
		{D218E74E-F7BB-40F8-9791-D2DEC548EE2A} = {D218E74E-F7BB-40F8-9791-D2DEC548EE2A}
	EndProjectSection
EndProject
Project("{8BC9CEB8-8B4A-11D0-8D11-00A0C91BC942}") = "MySQL", "Databases\MySQLDB\MySQLDB.vcxproj", "{D366AD8D-D449-45A3-8445-75197AF6AA9A}"
	ProjectSection(ProjectDependencies) = postProject
		{D218E74E-F7BB-40F8-9791-D2DEC548EE2A} = {D218E74E-F7BB-40F8-9791-D2DEC548EE2A}
	EndProjectSection
EndProject
Project("{8BC9CEB8-8B4A-11D0-8D11-00A0C91BC942}") = "GMLExec", "GMLExec\GMLExec.vcxproj", "{564BB6C9-FE09-4DF8-B174-57C323B45371}"
	ProjectSection(ProjectDependencies) = postProject
		{D218E74E-F7BB-40F8-9791-D2DEC548EE2A} = {D218E74E-F7BB-40F8-9791-D2DEC548EE2A}
	EndProjectSection
EndProject
Project("{8BC9CEB8-8B4A-11D0-8D11-00A0C91BC942}") = "MapConnector", "Connectors\MapConnector\MapConnector.vcxproj", "{11804006-8111-4F38-A6F4-1E2167ED2AEB}"
	ProjectSection(ProjectDependencies) = postProject
		{D218E74E-F7BB-40F8-9791-D2DEC548EE2A} = {D218E74E-F7BB-40F8-9791-D2DEC548EE2A}
	EndProjectSection
EndProject
Project("{8BC9CEB8-8B4A-11D0-8D11-00A0C91BC942}") = "PipeNotifier", "Notifiers\PipeNotifier\PipeNotifier.vcxproj", "{C8E34B13-27E4-4D71-918D-DD2AC8C1F543}"
	ProjectSection(ProjectDependencies) = postProject
		{D218E74E-F7BB-40F8-9791-D2DEC548EE2A} = {D218E74E-F7BB-40F8-9791-D2DEC548EE2A}
	EndProjectSection
EndProject
Project("{8BC9CEB8-8B4A-11D0-8D11-00A0C91BC942}") = "KNN", "Algorithms\KNN\KNN.vcxproj", "{7CC4D12C-51CB-4323-A773-AD858B254BA9}"
	ProjectSection(ProjectDependencies) = postProject
		{D218E74E-F7BB-40F8-9791-D2DEC548EE2A} = {D218E74E-F7BB-40F8-9791-D2DEC548EE2A}
	EndProjectSection
EndProject
Project("{8BC9CEB8-8B4A-11D0-8D11-00A0C91BC942}") = "CacheBuilder", "Algorithms\CacheBuilder\CacheBuilder.vcxproj", "{42E84A4A-86BB-4CCE-A77F-76ADADED97FC}"
	ProjectSection(ProjectDependencies) = postProject
		{D218E74E-F7BB-40F8-9791-D2DEC548EE2A} = {D218E74E-F7BB-40F8-9791-D2DEC548EE2A}
	EndProjectSection
EndProject
Project("{8BC9CEB8-8B4A-11D0-8D11-00A0C91BC942}") = "GML", "GML\GML.vcxproj", "{8DB7014D-2A31-447F-A966-5AAD6822784C}"
	ProjectSection(ProjectDependencies) = postProject
		{D218E74E-F7BB-40F8-9791-D2DEC548EE2A} = {D218E74E-F7BB-40F8-9791-D2DEC548EE2A}
	EndProjectSection
EndProject
Project("{8BC9CEB8-8B4A-11D0-8D11-00A0C91BC942}") = "BayesNaiv", "Algorithms\BayesNaiv\BayesNaiv.vcxproj", "{3CC99E4C-54F1-457D-AECE-E5352AA913FE}"
	ProjectSection(ProjectDependencies) = postProject
		{D218E74E-F7BB-40F8-9791-D2DEC548EE2A} = {D218E74E-F7BB-40F8-9791-D2DEC548EE2A}
	EndProjectSection
EndProject
Project("{8BC9CEB8-8B4A-11D0-8D11-00A0C91BC942}") = "WrapperNotifier", "Notifiers\WrapperNotifier\WrapperNotifier.vcxproj", "{049C3D01-0C47-4A4F-8CBC-9FB55511AF64}"
	ProjectSection(ProjectDependencies) = postProject
		{D218E74E-F7BB-40F8-9791-D2DEC548EE2A} = {D218E74E-F7BB-40F8-9791-D2DEC548EE2A}
	EndProjectSection
EndProject
Project("{8BC9CEB8-8B4A-11D0-8D11-00A0C91BC942}") = "Distances", "Algorithms\Distances\Distances.vcxproj", "{E9C9BF92-1ACC-4F4C-A2C1-53DB44281245}"
	ProjectSection(ProjectDependencies) = postProject
		{D218E74E-F7BB-40F8-9791-D2DEC548EE2A} = {D218E74E-F7BB-40F8-9791-D2DEC548EE2A}
	EndProjectSection
EndProject
Project("{8BC9CEB8-8B4A-11D0-8D11-00A0C91BC942}") = "FileNotifier", "Notifiers\FileNotifier\FileNotifier.vcxproj", "{F7B17EB0-FECA-49E6-A90C-AFC057FE5E8E}"
	ProjectSection(ProjectDependencies) = postProject
		{D218E74E-F7BB-40F8-9791-D2DEC548EE2A} = {D218E74E-F7BB-40F8-9791-D2DEC548EE2A}
	EndProjectSection
EndProject
Project("{8BC9CEB8-8B4A-11D0-8D11-00A0C91BC942}") = "LinearVote", "Algorithms\LinearVote\LinearVote.vcxproj", "{ACDE888E-E204-4CCF-B8C3-4F9B853C5467}"
	ProjectSection(ProjectDependencies) = postProject
		{D218E74E-F7BB-40F8-9791-D2DEC548EE2A} = {D218E74E-F7BB-40F8-9791-D2DEC548EE2A}
	EndProjectSection
EndProject
Project("{8BC9CEB8-8B4A-11D0-8D11-00A0C91BC942}") = "HashFilterConnector", "Connectors\HashFilterConnector\HashFilterConnector.vcxproj", "{3CA616EF-2A8F-4DA1-9B71-4E662365EE40}"
	ProjectSection(ProjectDependencies) = postProject
		{D218E74E-F7BB-40F8-9791-D2DEC548EE2A} = {D218E74E-F7BB-40F8-9791-D2DEC548EE2A}
	EndProjectSection
EndProject
Project("{8BC9CEB8-8B4A-11D0-8D11-00A0C91BC942}") = "ShuffleConnector", "Connectors\ShuffleConnector\ShuffleConnector.vcxproj", "{4ADD39E9-B282-488F-982B-DB01BF7A063E}"
	ProjectSection(ProjectDependencies) = postProject
		{D218E74E-F7BB-40F8-9791-D2DEC548EE2A} = {D218E74E-F7BB-40F8-9791-D2DEC548EE2A}
	EndProjectSection
EndProject
Project("{8BC9CEB8-8B4A-11D0-8D11-00A0C91BC942}") = "Centroid", "Algorithms\Centroid\Centroid.vcxproj", "{8A1A538D-359E-4E43-B35F-D0D40873C2D1}"
	ProjectSection(ProjectDependencies) = postProject
		{D218E74E-F7BB-40F8-9791-D2DEC548EE2A} = {D218E74E-F7BB-40F8-9791-D2DEC548EE2A}
	EndProjectSection
EndProject
Project("{8BC9CEB8-8B4A-11D0-8D11-00A0C91BC942}") = "MapTemplate", "Algorithms\MapTemplate\MapTemplate.vcxproj", "{4BC5FB39-2AB6-4AD8-95B5-7868355F1842}"
EndProject
Project("{8BC9CEB8-8B4A-11D0-8D11-00A0C91BC942}") = "CSV", "Databases\CSV\CSV.vcxproj", "{F3407310-74A6-4FF0-934D-21B0C7B134AF}"
	ProjectSection(ProjectDependencies) = postProject
		{D218E74E-F7BB-40F8-9791-D2DEC548EE2A} = {D218E74E-F7BB-40F8-9791-D2DEC548EE2A}
	EndProjectSection
EndProject
Project("{8BC9CEB8-8B4A-11D0-8D11-00A0C91BC942}") = "KMeans", "Algorithms\KMeans\KMeans.vcxproj", "{C16C4086-DF3A-479C-979C-E19F42E4515A}"
	ProjectSection(ProjectDependencies) = postProject
		{D218E74E-F7BB-40F8-9791-D2DEC548EE2A} = {D218E74E-F7BB-40F8-9791-D2DEC548EE2A}
	EndProjectSection
EndProject
Project("{8BC9CEB8-8B4A-11D0-8D11-00A0C91BC942}") = "BinaryKMeans", "Algorithms\BinaryKMeans\BinaryKMeans.vcxproj", "{BC8F545B-669E-443B-91F4-DC0DD2343FFF}"
	ProjectSection(ProjectDependencies) = postProject
		{D218E74E-F7BB-40F8-9791-D2DEC548EE2A} = {D218E74E-F7BB-40F8-9791-D2DEC548EE2A}
	EndProjectSection
EndProject
Project("{8BC9CEB8-8B4A-11D0-8D11-00A0C91BC942}") = "PCA", "Algorithms\PCA\PCA.vcxproj", "{5F961823-6C97-4669-9074-29E1BF59EEE4}"
	ProjectSection(ProjectDependencies) = postProject
		{D218E74E-F7BB-40F8-9791-D2DEC548EE2A} = {D218E74E-F7BB-40F8-9791-D2DEC548EE2A}
	EndProjectSection
EndProject
Project("{8BC9CEB8-8B4A-11D0-8D11-00A0C91BC942}") = "KNNStatistics", "Algorithms\KNNStatistics\KNNStatistics.vcxproj", "{4BE50ABA-A3B8-472B-B59C-6565B1582CB2}"
	ProjectSection(ProjectDependencies) = postProject
		{D218E74E-F7BB-40F8-9791-D2DEC548EE2A} = {D218E74E-F7BB-40F8-9791-D2DEC548EE2A}
	EndProjectSection
EndProject
Global
	GlobalSection(SolutionConfigurationPlatforms) = preSolution
		Debug|Win32 = Debug|Win32
		Release|Win32 = Release|Win32
	EndGlobalSection
	GlobalSection(ProjectConfigurationPlatforms) = postSolution
		{D218E74E-F7BB-40F8-9791-D2DEC548EE2A}.Debug|Win32.ActiveCfg = Debug|Win32
		{D218E74E-F7BB-40F8-9791-D2DEC548EE2A}.Debug|Win32.Build.0 = Debug|Win32
		{D218E74E-F7BB-40F8-9791-D2DEC548EE2A}.Release|Win32.ActiveCfg = Release|Win32
		{D218E74E-F7BB-40F8-9791-D2DEC548EE2A}.Release|Win32.Build.0 = Release|Win32
		{0EFF33E4-4013-4FC7-AA4C-D2E1DAF9A43D}.Debug|Win32.ActiveCfg = Debug|Win32
		{0EFF33E4-4013-4FC7-AA4C-D2E1DAF9A43D}.Debug|Win32.Build.0 = Debug|Win32
		{0EFF33E4-4013-4FC7-AA4C-D2E1DAF9A43D}.Release|Win32.ActiveCfg = Release|Win32
		{0EFF33E4-4013-4FC7-AA4C-D2E1DAF9A43D}.Release|Win32.Build.0 = Release|Win32
		{885E1B6D-F1F8-41D6-AE93-2EC44C48077B}.Debug|Win32.ActiveCfg = Debug|Win32
		{885E1B6D-F1F8-41D6-AE93-2EC44C48077B}.Debug|Win32.Build.0 = Debug|Win32
		{885E1B6D-F1F8-41D6-AE93-2EC44C48077B}.Release|Win32.ActiveCfg = Release|Win32
		{885E1B6D-F1F8-41D6-AE93-2EC44C48077B}.Release|Win32.Build.0 = Release|Win32
		{70C2658A-6177-49F0-97A1-0EF9BA8FF6E3}.Debug|Win32.ActiveCfg = Debug|Win32
		{70C2658A-6177-49F0-97A1-0EF9BA8FF6E3}.Debug|Win32.Build.0 = Debug|Win32
		{70C2658A-6177-49F0-97A1-0EF9BA8FF6E3}.Release|Win32.ActiveCfg = Release|Win32
		{70C2658A-6177-49F0-97A1-0EF9BA8FF6E3}.Release|Win32.Build.0 = Release|Win32
		{DABE1B18-56F3-460C-9E58-25F89B9C9765}.Debug|Win32.ActiveCfg = Debug|Win32
		{DABE1B18-56F3-460C-9E58-25F89B9C9765}.Debug|Win32.Build.0 = Debug|Win32
		{DABE1B18-56F3-460C-9E58-25F89B9C9765}.Release|Win32.ActiveCfg = Release|Win32
		{DABE1B18-56F3-460C-9E58-25F89B9C9765}.Release|Win32.Build.0 = Release|Win32
		{1ECE0CF3-CB18-43D2-B8C8-F910F224CD97}.Debug|Win32.ActiveCfg = Debug|Win32
		{1ECE0CF3-CB18-43D2-B8C8-F910F224CD97}.Debug|Win32.Build.0 = Debug|Win32
		{1ECE0CF3-CB18-43D2-B8C8-F910F224CD97}.Release|Win32.ActiveCfg = Release|Win32
		{1ECE0CF3-CB18-43D2-B8C8-F910F224CD97}.Release|Win32.Build.0 = Release|Win32
		{951EFEE3-BF89-42EC-AA4E-E6CAE473E2CB}.Debug|Win32.ActiveCfg = Debug|Win32
		{951EFEE3-BF89-42EC-AA4E-E6CAE473E2CB}.Debug|Win32.Build.0 = Debug|Win32
		{951EFEE3-BF89-42EC-AA4E-E6CAE473E2CB}.Release|Win32.ActiveCfg = Release|Win32
		{951EFEE3-BF89-42EC-AA4E-E6CAE473E2CB}.Release|Win32.Build.0 = Release|Win32
		{089301A7-B086-4B1F-943B-9C110F719835}.Debug|Win32.ActiveCfg = Debug|Win32
		{089301A7-B086-4B1F-943B-9C110F719835}.Debug|Win32.Build.0 = Debug|Win32
		{089301A7-B086-4B1F-943B-9C110F719835}.Release|Win32.ActiveCfg = Release|Win32
		{089301A7-B086-4B1F-943B-9C110F719835}.Release|Win32.Build.0 = Release|Win32
		{B560B716-6C44-487D-96E3-315230CEEAB4}.Debug|Win32.ActiveCfg = Debug|Win32
		{B560B716-6C44-487D-96E3-315230CEEAB4}.Debug|Win32.Build.0 = Debug|Win32
		{B560B716-6C44-487D-96E3-315230CEEAB4}.Release|Win32.ActiveCfg = Release|Win32
		{B560B716-6C44-487D-96E3-315230CEEAB4}.Release|Win32.Build.0 = Release|Win32
		{EB787576-09FE-4AD3-9953-6FA1AA64D612}.Debug|Win32.ActiveCfg = Debug|Win32
		{EB787576-09FE-4AD3-9953-6FA1AA64D612}.Debug|Win32.Build.0 = Debug|Win32
		{EB787576-09FE-4AD3-9953-6FA1AA64D612}.Release|Win32.ActiveCfg = Release|Win32
		{EB787576-09FE-4AD3-9953-6FA1AA64D612}.Release|Win32.Build.0 = Release|Win32
		{E974EB5F-F042-4C4E-ACFA-DFC6A53A5CC5}.Debug|Win32.ActiveCfg = Debug|Win32
		{E974EB5F-F042-4C4E-ACFA-DFC6A53A5CC5}.Debug|Win32.Build.0 = Debug|Win32
		{E974EB5F-F042-4C4E-ACFA-DFC6A53A5CC5}.Release|Win32.ActiveCfg = Release|Win32
		{E974EB5F-F042-4C4E-ACFA-DFC6A53A5CC5}.Release|Win32.Build.0 = Release|Win32
		{4A132877-BADC-4859-8F5E-0B5935E8B997}.Debug|Win32.ActiveCfg = Debug|Win32
		{4A132877-BADC-4859-8F5E-0B5935E8B997}.Debug|Win32.Build.0 = Debug|Win32
		{4A132877-BADC-4859-8F5E-0B5935E8B997}.Release|Win32.ActiveCfg = Release|Win32
		{4A132877-BADC-4859-8F5E-0B5935E8B997}.Release|Win32.Build.0 = Release|Win32
		{B0A2D5CC-E222-40BE-93EB-3CED4B837D82}.Debug|Win32.ActiveCfg = Debug|Win32
		{B0A2D5CC-E222-40BE-93EB-3CED4B837D82}.Debug|Win32.Build.0 = Debug|Win32
		{B0A2D5CC-E222-40BE-93EB-3CED4B837D82}.Release|Win32.ActiveCfg = Release|Win32
		{B0A2D5CC-E222-40BE-93EB-3CED4B837D82}.Release|Win32.Build.0 = Release|Win32
		{09F34650-81FC-42D9-8D86-A32606BB605E}.Debug|Win32.ActiveCfg = Debug|Win32
		{09F34650-81FC-42D9-8D86-A32606BB605E}.Debug|Win32.Build.0 = Debug|Win32
		{09F34650-81FC-42D9-8D86-A32606BB605E}.Release|Win32.ActiveCfg = Release|Win32
		{09F34650-81FC-42D9-8D86-A32606BB605E}.Release|Win32.Build.0 = Release|Win32
		{D366AD8D-D449-45A3-8445-75197AF6AA9A}.Debug|Win32.ActiveCfg = Debug|Win32
		{D366AD8D-D449-45A3-8445-75197AF6AA9A}.Debug|Win32.Build.0 = Debug|Win32
		{D366AD8D-D449-45A3-8445-75197AF6AA9A}.Release|Win32.ActiveCfg = Release|Win32
		{D366AD8D-D449-45A3-8445-75197AF6AA9A}.Release|Win32.Build.0 = Release|Win32
		{564BB6C9-FE09-4DF8-B174-57C323B45371}.Debug|Win32.ActiveCfg = Debug|Win32
		{564BB6C9-FE09-4DF8-B174-57C323B45371}.Debug|Win32.Build.0 = Debug|Win32
		{564BB6C9-FE09-4DF8-B174-57C323B45371}.Release|Win32.ActiveCfg = Release|Win32
		{564BB6C9-FE09-4DF8-B174-57C323B45371}.Release|Win32.Build.0 = Release|Win32
		{11804006-8111-4F38-A6F4-1E2167ED2AEB}.Debug|Win32.ActiveCfg = Debug|Win32
		{11804006-8111-4F38-A6F4-1E2167ED2AEB}.Debug|Win32.Build.0 = Debug|Win32
		{11804006-8111-4F38-A6F4-1E2167ED2AEB}.Release|Win32.ActiveCfg = Release|Win32
		{11804006-8111-4F38-A6F4-1E2167ED2AEB}.Release|Win32.Build.0 = Release|Win32
		{C8E34B13-27E4-4D71-918D-DD2AC8C1F543}.Debug|Win32.ActiveCfg = Debug|Win32
		{C8E34B13-27E4-4D71-918D-DD2AC8C1F543}.Debug|Win32.Build.0 = Debug|Win32
		{C8E34B13-27E4-4D71-918D-DD2AC8C1F543}.Release|Win32.ActiveCfg = Release|Win32
		{C8E34B13-27E4-4D71-918D-DD2AC8C1F543}.Release|Win32.Build.0 = Release|Win32
		{7CC4D12C-51CB-4323-A773-AD858B254BA9}.Debug|Win32.ActiveCfg = Debug|Win32
		{7CC4D12C-51CB-4323-A773-AD858B254BA9}.Debug|Win32.Build.0 = Debug|Win32
		{7CC4D12C-51CB-4323-A773-AD858B254BA9}.Release|Win32.ActiveCfg = Release|Win32
		{7CC4D12C-51CB-4323-A773-AD858B254BA9}.Release|Win32.Build.0 = Release|Win32
		{42E84A4A-86BB-4CCE-A77F-76ADADED97FC}.Debug|Win32.ActiveCfg = Debug|Win32
		{42E84A4A-86BB-4CCE-A77F-76ADADED97FC}.Debug|Win32.Build.0 = Debug|Win32
		{42E84A4A-86BB-4CCE-A77F-76ADADED97FC}.Release|Win32.ActiveCfg = Release|Win32
		{42E84A4A-86BB-4CCE-A77F-76ADADED97FC}.Release|Win32.Build.0 = Release|Win32
		{8DB7014D-2A31-447F-A966-5AAD6822784C}.Debug|Win32.ActiveCfg = Debug|Win32
		{8DB7014D-2A31-447F-A966-5AAD6822784C}.Debug|Win32.Build.0 = Debug|Win32
		{8DB7014D-2A31-447F-A966-5AAD6822784C}.Release|Win32.ActiveCfg = Release|Win32
		{8DB7014D-2A31-447F-A966-5AAD6822784C}.Release|Win32.Build.0 = Release|Win32
		{3CC99E4C-54F1-457D-AECE-E5352AA913FE}.Debug|Win32.ActiveCfg = Debug|Win32
		{3CC99E4C-54F1-457D-AECE-E5352AA913FE}.Debug|Win32.Build.0 = Debug|Win32
		{3CC99E4C-54F1-457D-AECE-E5352AA913FE}.Release|Win32.ActiveCfg = Release|Win32
		{3CC99E4C-54F1-457D-AECE-E5352AA913FE}.Release|Win32.Build.0 = Release|Win32
		{049C3D01-0C47-4A4F-8CBC-9FB55511AF64}.Debug|Win32.ActiveCfg = Debug|Win32
		{049C3D01-0C47-4A4F-8CBC-9FB55511AF64}.Debug|Win32.Build.0 = Debug|Win32
		{049C3D01-0C47-4A4F-8CBC-9FB55511AF64}.Release|Win32.ActiveCfg = Release|Win32
		{049C3D01-0C47-4A4F-8CBC-9FB55511AF64}.Release|Win32.Build.0 = Release|Win32
		{E9C9BF92-1ACC-4F4C-A2C1-53DB44281245}.Debug|Win32.ActiveCfg = Debug|Win32
		{E9C9BF92-1ACC-4F4C-A2C1-53DB44281245}.Debug|Win32.Build.0 = Debug|Win32
		{E9C9BF92-1ACC-4F4C-A2C1-53DB44281245}.Release|Win32.ActiveCfg = Release|Win32
		{E9C9BF92-1ACC-4F4C-A2C1-53DB44281245}.Release|Win32.Build.0 = Release|Win32
		{F7B17EB0-FECA-49E6-A90C-AFC057FE5E8E}.Debug|Win32.ActiveCfg = Debug|Win32
		{F7B17EB0-FECA-49E6-A90C-AFC057FE5E8E}.Debug|Win32.Build.0 = Debug|Win32
		{F7B17EB0-FECA-49E6-A90C-AFC057FE5E8E}.Release|Win32.ActiveCfg = Release|Win32
		{F7B17EB0-FECA-49E6-A90C-AFC057FE5E8E}.Release|Win32.Build.0 = Release|Win32
		{ACDE888E-E204-4CCF-B8C3-4F9B853C5467}.Debug|Win32.ActiveCfg = Debug|Win32
		{ACDE888E-E204-4CCF-B8C3-4F9B853C5467}.Debug|Win32.Build.0 = Debug|Win32
		{ACDE888E-E204-4CCF-B8C3-4F9B853C5467}.Release|Win32.ActiveCfg = Release|Win32
		{ACDE888E-E204-4CCF-B8C3-4F9B853C5467}.Release|Win32.Build.0 = Release|Win32
		{3CA616EF-2A8F-4DA1-9B71-4E662365EE40}.Debug|Win32.ActiveCfg = Debug|Win32
		{3CA616EF-2A8F-4DA1-9B71-4E662365EE40}.Debug|Win32.Build.0 = Debug|Win32
		{3CA616EF-2A8F-4DA1-9B71-4E662365EE40}.Release|Win32.ActiveCfg = Release|Win32
		{3CA616EF-2A8F-4DA1-9B71-4E662365EE40}.Release|Win32.Build.0 = Release|Win32
		{4ADD39E9-B282-488F-982B-DB01BF7A063E}.Debug|Win32.ActiveCfg = Debug|Win32
		{4ADD39E9-B282-488F-982B-DB01BF7A063E}.Debug|Win32.Build.0 = Debug|Win32
		{4ADD39E9-B282-488F-982B-DB01BF7A063E}.Release|Win32.ActiveCfg = Release|Win32
		{4ADD39E9-B282-488F-982B-DB01BF7A063E}.Release|Win32.Build.0 = Release|Win32
		{8A1A538D-359E-4E43-B35F-D0D40873C2D1}.Debug|Win32.ActiveCfg = Debug|Win32
		{8A1A538D-359E-4E43-B35F-D0D40873C2D1}.Debug|Win32.Build.0 = Debug|Win32
		{8A1A538D-359E-4E43-B35F-D0D40873C2D1}.Release|Win32.ActiveCfg = Release|Win32
		{8A1A538D-359E-4E43-B35F-D0D40873C2D1}.Release|Win32.Build.0 = Release|Win32
		{4BC5FB39-2AB6-4AD8-95B5-7868355F1842}.Debug|Win32.ActiveCfg = Debug|Win32
		{4BC5FB39-2AB6-4AD8-95B5-7868355F1842}.Debug|Win32.Build.0 = Debug|Win32
		{4BC5FB39-2AB6-4AD8-95B5-7868355F1842}.Release|Win32.ActiveCfg = Release|Win32
		{4BC5FB39-2AB6-4AD8-95B5-7868355F1842}.Release|Win32.Build.0 = Release|Win32
		{F3407310-74A6-4FF0-934D-21B0C7B134AF}.Debug|Win32.ActiveCfg = Debug|Win32
		{F3407310-74A6-4FF0-934D-21B0C7B134AF}.Debug|Win32.Build.0 = Debug|Win32
		{F3407310-74A6-4FF0-934D-21B0C7B134AF}.Release|Win32.ActiveCfg = Release|Win32
		{F3407310-74A6-4FF0-934D-21B0C7B134AF}.Release|Win32.Build.0 = Release|Win32
		{C16C4086-DF3A-479C-979C-E19F42E4515A}.Debug|Win32.ActiveCfg = Debug|Win32
		{C16C4086-DF3A-479C-979C-E19F42E4515A}.Debug|Win32.Build.0 = Debug|Win32
		{C16C4086-DF3A-479C-979C-E19F42E4515A}.Release|Win32.ActiveCfg = Release|Win32
		{C16C4086-DF3A-479C-979C-E19F42E4515A}.Release|Win32.Build.0 = Release|Win32
		{BC8F545B-669E-443B-91F4-DC0DD2343FFF}.Debug|Win32.ActiveCfg = Debug|Win32
		{BC8F545B-669E-443B-91F4-DC0DD2343FFF}.Debug|Win32.Build.0 = Debug|Win32
		{BC8F545B-669E-443B-91F4-DC0DD2343FFF}.Release|Win32.ActiveCfg = Release|Win32
		{BC8F545B-669E-443B-91F4-DC0DD2343FFF}.Release|Win32.Build.0 = Release|Win32
		{5F961823-6C97-4669-9074-29E1BF59EEE4}.Debug|Win32.ActiveCfg = Debug|Win32
		{5F961823-6C97-4669-9074-29E1BF59EEE4}.Debug|Win32.Build.0 = Debug|Win32
		{5F961823-6C97-4669-9074-29E1BF59EEE4}.Release|Win32.ActiveCfg = Release|Win32
		{5F961823-6C97-4669-9074-29E1BF59EEE4}.Release|Win32.Build.0 = Release|Win32
		{4BE50ABA-A3B8-472B-B59C-6565B1582CB2}.Debug|Win32.ActiveCfg = Debug|Win32
		{4BE50ABA-A3B8-472B-B59C-6565B1582CB2}.Debug|Win32.Build.0 = Debug|Win32
		{4BE50ABA-A3B8-472B-B59C-6565B1582CB2}.Release|Win32.ActiveCfg = Release|Win32
		{4BE50ABA-A3B8-472B-B59C-6565B1582CB2}.Release|Win32.Build.0 = Release|Win32
	EndGlobalSection
	GlobalSection(SolutionProperties) = preSolution
		HideSolutionNode = FALSE
	EndGlobalSection
	GlobalSection(NestedProjects) = preSolution
		{EB787576-09FE-4AD3-9953-6FA1AA64D612} = {54E1725C-7B50-4C30-A28A-0262D7EBFC15}
		{C8E34B13-27E4-4D71-918D-DD2AC8C1F543} = {54E1725C-7B50-4C30-A28A-0262D7EBFC15}
		{049C3D01-0C47-4A4F-8CBC-9FB55511AF64} = {54E1725C-7B50-4C30-A28A-0262D7EBFC15}
		{F7B17EB0-FECA-49E6-A90C-AFC057FE5E8E} = {54E1725C-7B50-4C30-A28A-0262D7EBFC15}
		{089301A7-B086-4B1F-943B-9C110F719835} = {5239E43E-CF89-497B-A9F5-20F4581FB7C3}
		{B560B716-6C44-487D-96E3-315230CEEAB4} = {5239E43E-CF89-497B-A9F5-20F4581FB7C3}
		{D366AD8D-D449-45A3-8445-75197AF6AA9A} = {5239E43E-CF89-497B-A9F5-20F4581FB7C3}
		{F3407310-74A6-4FF0-934D-21B0C7B134AF} = {5239E43E-CF89-497B-A9F5-20F4581FB7C3}
		{885E1B6D-F1F8-41D6-AE93-2EC44C48077B} = {EDF5ED9C-8524-443D-9C31-AB2C5DA3341D}
		{70C2658A-6177-49F0-97A1-0EF9BA8FF6E3} = {EDF5ED9C-8524-443D-9C31-AB2C5DA3341D}
		{E974EB5F-F042-4C4E-ACFA-DFC6A53A5CC5} = {EDF5ED9C-8524-443D-9C31-AB2C5DA3341D}
		{4A132877-BADC-4859-8F5E-0B5935E8B997} = {EDF5ED9C-8524-443D-9C31-AB2C5DA3341D}
		{B0A2D5CC-E222-40BE-93EB-3CED4B837D82} = {EDF5ED9C-8524-443D-9C31-AB2C5DA3341D}
		{09F34650-81FC-42D9-8D86-A32606BB605E} = {EDF5ED9C-8524-443D-9C31-AB2C5DA3341D}
		{7CC4D12C-51CB-4323-A773-AD858B254BA9} = {EDF5ED9C-8524-443D-9C31-AB2C5DA3341D}
		{42E84A4A-86BB-4CCE-A77F-76ADADED97FC} = {EDF5ED9C-8524-443D-9C31-AB2C5DA3341D}
		{3CC99E4C-54F1-457D-AECE-E5352AA913FE} = {EDF5ED9C-8524-443D-9C31-AB2C5DA3341D}
		{E9C9BF92-1ACC-4F4C-A2C1-53DB44281245} = {EDF5ED9C-8524-443D-9C31-AB2C5DA3341D}
		{ACDE888E-E204-4CCF-B8C3-4F9B853C5467} = {EDF5ED9C-8524-443D-9C31-AB2C5DA3341D}
		{8A1A538D-359E-4E43-B35F-D0D40873C2D1} = {EDF5ED9C-8524-443D-9C31-AB2C5DA3341D}
		{4BC5FB39-2AB6-4AD8-95B5-7868355F1842} = {EDF5ED9C-8524-443D-9C31-AB2C5DA3341D}
		{C16C4086-DF3A-479C-979C-E19F42E4515A} = {EDF5ED9C-8524-443D-9C31-AB2C5DA3341D}
		{BC8F545B-669E-443B-91F4-DC0DD2343FFF} = {EDF5ED9C-8524-443D-9C31-AB2C5DA3341D}
		{5F961823-6C97-4669-9074-29E1BF59EEE4} = {EDF5ED9C-8524-443D-9C31-AB2C5DA3341D}
		{4BE50ABA-A3B8-472B-B59C-6565B1582CB2} = {EDF5ED9C-8524-443D-9C31-AB2C5DA3341D}
		{DABE1B18-56F3-460C-9E58-25F89B9C9765} = {CB091987-2341-425C-835B-C77596F5ABB0}
		{1ECE0CF3-CB18-43D2-B8C8-F910F224CD97} = {CB091987-2341-425C-835B-C77596F5ABB0}
		{951EFEE3-BF89-42EC-AA4E-E6CAE473E2CB} = {CB091987-2341-425C-835B-C77596F5ABB0}
		{11804006-8111-4F38-A6F4-1E2167ED2AEB} = {CB091987-2341-425C-835B-C77596F5ABB0}
		{3CA616EF-2A8F-4DA1-9B71-4E662365EE40} = {CB091987-2341-425C-835B-C77596F5ABB0}
		{4ADD39E9-B282-488F-982B-DB01BF7A063E} = {CB091987-2341-425C-835B-C77596F5ABB0}
	EndGlobalSection
EndGlobal
