
Microsoft Visual Studio Solution File, Format Version 11.00
# Visual Studio 2010
Project("{8BC9CEB8-8B4A-11D0-8D11-00A0C91BC942}") = "GMLLib", "GMLLib\GMLLib.vcxproj", "{D218E74E-F7BB-40F8-9791-D2DEC548EE2A}"
EndProject
Project("{2150E333-8FDC-42A3-9474-1A3956D46DE8}") = "Notifiers", "Notifiers", "{54E1725C-7B50-4C30-A28A-0262D7EBFC15}"
EndProject
Project("{8BC9CEB8-8B4A-11D0-8D11-00A0C91BC942}") = "ConsoleNotifier", "ConsoleNotifyer\ConsoleNotifyer.vcxproj", "{EB787576-09FE-4AD3-9953-6FA1AA64D612}"
	ProjectSection(ProjectDependencies) = postProject
		{D218E74E-F7BB-40F8-9791-D2DEC548EE2A} = {D218E74E-F7BB-40F8-9791-D2DEC548EE2A}
	EndProjectSection
EndProject
Project("{2150E333-8FDC-42A3-9474-1A3956D46DE8}") = "Databases", "Databases", "{5239E43E-CF89-497B-A9F5-20F4581FB7C3}"
EndProject
Project("{8BC9CEB8-8B4A-11D0-8D11-00A0C91BC942}") = "Sqlite", "Sqlite\Sqlite.vcxproj", "{B560B716-6C44-487D-96E3-315230CEEAB4}"
	ProjectSection(ProjectDependencies) = postProject
		{D218E74E-F7BB-40F8-9791-D2DEC548EE2A} = {D218E74E-F7BB-40F8-9791-D2DEC548EE2A}
	EndProjectSection
EndProject
Project("{8BC9CEB8-8B4A-11D0-8D11-00A0C91BC942}") = "SimpleTextFileDB", "SimpleTextFileDB\SimpleTextFileDB.vcxproj", "{089301A7-B086-4B1F-943B-9C110F719835}"
	ProjectSection(ProjectDependencies) = postProject
		{D218E74E-F7BB-40F8-9791-D2DEC548EE2A} = {D218E74E-F7BB-40F8-9791-D2DEC548EE2A}
	EndProjectSection
EndProject
Project("{2150E333-8FDC-42A3-9474-1A3956D46DE8}") = "Algorithm", "Algorithm", "{EDF5ED9C-8524-443D-9C31-AB2C5DA3341D}"
EndProject
Project("{2150E333-8FDC-42A3-9474-1A3956D46DE8}") = "Connectors", "Connectors", "{CB091987-2341-425C-835B-C77596F5ABB0}"
EndProject
Project("{8BC9CEB8-8B4A-11D0-8D11-00A0C91BC942}") = "FullCacheConnector", "FullCacheConnector\FullCacheConnector.vcxproj", "{1ECE0CF3-CB18-43D2-B8C8-F910F224CD97}"
	ProjectSection(ProjectDependencies) = postProject
		{D218E74E-F7BB-40F8-9791-D2DEC548EE2A} = {D218E74E-F7BB-40F8-9791-D2DEC548EE2A}
	EndProjectSection
EndProject
Project("{8BC9CEB8-8B4A-11D0-8D11-00A0C91BC942}") = "Test", "Test\Test.vcxproj", "{0EFF33E4-4013-4FC7-AA4C-D2E1DAF9A43D}"
	ProjectSection(ProjectDependencies) = postProject
		{D218E74E-F7BB-40F8-9791-D2DEC548EE2A} = {D218E74E-F7BB-40F8-9791-D2DEC548EE2A}
	EndProjectSection
EndProject
Project("{8BC9CEB8-8B4A-11D0-8D11-00A0C91BC942}") = "BitConnector", "BitConnector\BitConnector.vcxproj", "{DABE1B18-56F3-460C-9E58-25F89B9C9765}"
EndProject
Project("{2150E333-8FDC-42A3-9474-1A3956D46DE8}") = "PythonInterfaces", "PythonInterfaces", "{662119E1-C7A2-4567-859F-E310E228EE46}"
EndProject
Project("{8BC9CEB8-8B4A-11D0-8D11-00A0C91BC942}") = "builder", "BuilderInterface\builder.vcxproj", "{3F58033E-5839-C366-B751-7FB69E4784BD}"
	ProjectSection(ProjectDependencies) = postProject
		{D218E74E-F7BB-40F8-9791-D2DEC548EE2A} = {D218E74E-F7BB-40F8-9791-D2DEC548EE2A}
	EndProjectSection
EndProject
Project("{8BC9CEB8-8B4A-11D0-8D11-00A0C91BC942}") = "ialgorithm", "IAlgorithmInterface\ialgorithm.vcxproj", "{2F39C56A-CD62-188D-5A44-57AEEDD3CBB5}"
	ProjectSection(ProjectDependencies) = postProject
		{D218E74E-F7BB-40F8-9791-D2DEC548EE2A} = {D218E74E-F7BB-40F8-9791-D2DEC548EE2A}
	EndProjectSection
EndProject
Project("{8BC9CEB8-8B4A-11D0-8D11-00A0C91BC942}") = "attributelist", "AttributeInterface\attributelist.vcxproj", "{24832994-4BCF-76F0-87C2-808C5C73DA24}"
	ProjectSection(ProjectDependencies) = postProject
		{D218E74E-F7BB-40F8-9791-D2DEC548EE2A} = {D218E74E-F7BB-40F8-9791-D2DEC548EE2A}
	EndProjectSection
EndProject
Project("{8BC9CEB8-8B4A-11D0-8D11-00A0C91BC942}") = "RosenblattPerceptron", "RosenblattPerceptron\RosenblattPerceptron.vcxproj", "{70C2658A-6177-49F0-97A1-0EF9BA8FF6E3}"
EndProject
Global
	GlobalSection(SolutionConfigurationPlatforms) = preSolution
		Debug|Win32 = Debug|Win32
		Release|Win32 = Release|Win32
	EndGlobalSection
	GlobalSection(ProjectConfigurationPlatforms) = postSolution
		{D218E74E-F7BB-40F8-9791-D2DEC548EE2A}.Debug|Win32.ActiveCfg = Debug|Win32
		{D218E74E-F7BB-40F8-9791-D2DEC548EE2A}.Debug|Win32.Build.0 = Debug|Win32
		{D218E74E-F7BB-40F8-9791-D2DEC548EE2A}.Release|Win32.ActiveCfg = Release|Win32
		{D218E74E-F7BB-40F8-9791-D2DEC548EE2A}.Release|Win32.Build.0 = Release|Win32
		{EB787576-09FE-4AD3-9953-6FA1AA64D612}.Debug|Win32.ActiveCfg = Debug|Win32
		{EB787576-09FE-4AD3-9953-6FA1AA64D612}.Debug|Win32.Build.0 = Debug|Win32
		{EB787576-09FE-4AD3-9953-6FA1AA64D612}.Release|Win32.ActiveCfg = Release|Win32
		{EB787576-09FE-4AD3-9953-6FA1AA64D612}.Release|Win32.Build.0 = Release|Win32
		{B560B716-6C44-487D-96E3-315230CEEAB4}.Debug|Win32.ActiveCfg = Debug|Win32
		{B560B716-6C44-487D-96E3-315230CEEAB4}.Debug|Win32.Build.0 = Debug|Win32
		{B560B716-6C44-487D-96E3-315230CEEAB4}.Release|Win32.ActiveCfg = Release|Win32
		{B560B716-6C44-487D-96E3-315230CEEAB4}.Release|Win32.Build.0 = Release|Win32
		{089301A7-B086-4B1F-943B-9C110F719835}.Debug|Win32.ActiveCfg = Debug|Win32
		{089301A7-B086-4B1F-943B-9C110F719835}.Debug|Win32.Build.0 = Debug|Win32
		{089301A7-B086-4B1F-943B-9C110F719835}.Release|Win32.ActiveCfg = Release|Win32
		{089301A7-B086-4B1F-943B-9C110F719835}.Release|Win32.Build.0 = Release|Win32
		{1ECE0CF3-CB18-43D2-B8C8-F910F224CD97}.Debug|Win32.ActiveCfg = Debug|Win32
		{1ECE0CF3-CB18-43D2-B8C8-F910F224CD97}.Debug|Win32.Build.0 = Debug|Win32
		{1ECE0CF3-CB18-43D2-B8C8-F910F224CD97}.Release|Win32.ActiveCfg = Release|Win32
		{1ECE0CF3-CB18-43D2-B8C8-F910F224CD97}.Release|Win32.Build.0 = Release|Win32
		{0EFF33E4-4013-4FC7-AA4C-D2E1DAF9A43D}.Debug|Win32.ActiveCfg = Debug|Win32
		{0EFF33E4-4013-4FC7-AA4C-D2E1DAF9A43D}.Debug|Win32.Build.0 = Debug|Win32
		{0EFF33E4-4013-4FC7-AA4C-D2E1DAF9A43D}.Release|Win32.ActiveCfg = Release|Win32
		{0EFF33E4-4013-4FC7-AA4C-D2E1DAF9A43D}.Release|Win32.Build.0 = Release|Win32
		{DABE1B18-56F3-460C-9E58-25F89B9C9765}.Debug|Win32.ActiveCfg = Debug|Win32
		{DABE1B18-56F3-460C-9E58-25F89B9C9765}.Debug|Win32.Build.0 = Debug|Win32
		{DABE1B18-56F3-460C-9E58-25F89B9C9765}.Release|Win32.ActiveCfg = Release|Win32
		{DABE1B18-56F3-460C-9E58-25F89B9C9765}.Release|Win32.Build.0 = Release|Win32
		{3F58033E-5839-C366-B751-7FB69E4784BD}.Debug|Win32.ActiveCfg = Release|Win32
		{3F58033E-5839-C366-B751-7FB69E4784BD}.Debug|Win32.Build.0 = Release|Win32
		{3F58033E-5839-C366-B751-7FB69E4784BD}.Release|Win32.ActiveCfg = Release|Win32
		{3F58033E-5839-C366-B751-7FB69E4784BD}.Release|Win32.Build.0 = Release|Win32
		{2F39C56A-CD62-188D-5A44-57AEEDD3CBB5}.Debug|Win32.ActiveCfg = Release|Win32
		{2F39C56A-CD62-188D-5A44-57AEEDD3CBB5}.Debug|Win32.Build.0 = Release|Win32
		{2F39C56A-CD62-188D-5A44-57AEEDD3CBB5}.Release|Win32.ActiveCfg = Release|Win32
		{2F39C56A-CD62-188D-5A44-57AEEDD3CBB5}.Release|Win32.Build.0 = Release|Win32
		{24832994-4BCF-76F0-87C2-808C5C73DA24}.Debug|Win32.ActiveCfg = Release|Win32
		{24832994-4BCF-76F0-87C2-808C5C73DA24}.Debug|Win32.Build.0 = Release|Win32
		{24832994-4BCF-76F0-87C2-808C5C73DA24}.Release|Win32.ActiveCfg = Release|Win32
		{24832994-4BCF-76F0-87C2-808C5C73DA24}.Release|Win32.Build.0 = Release|Win32
		{70C2658A-6177-49F0-97A1-0EF9BA8FF6E3}.Debug|Win32.ActiveCfg = Debug|Win32
		{70C2658A-6177-49F0-97A1-0EF9BA8FF6E3}.Debug|Win32.Build.0 = Debug|Win32
		{70C2658A-6177-49F0-97A1-0EF9BA8FF6E3}.Release|Win32.ActiveCfg = Release|Win32
		{70C2658A-6177-49F0-97A1-0EF9BA8FF6E3}.Release|Win32.Build.0 = Release|Win32
	EndGlobalSection
	GlobalSection(SolutionProperties) = preSolution
		HideSolutionNode = FALSE
	EndGlobalSection
	GlobalSection(NestedProjects) = preSolution
		{EB787576-09FE-4AD3-9953-6FA1AA64D612} = {54E1725C-7B50-4C30-A28A-0262D7EBFC15}
		{B560B716-6C44-487D-96E3-315230CEEAB4} = {5239E43E-CF89-497B-A9F5-20F4581FB7C3}
		{089301A7-B086-4B1F-943B-9C110F719835} = {5239E43E-CF89-497B-A9F5-20F4581FB7C3}
		{70C2658A-6177-49F0-97A1-0EF9BA8FF6E3} = {EDF5ED9C-8524-443D-9C31-AB2C5DA3341D}
		{1ECE0CF3-CB18-43D2-B8C8-F910F224CD97} = {CB091987-2341-425C-835B-C77596F5ABB0}
		{DABE1B18-56F3-460C-9E58-25F89B9C9765} = {CB091987-2341-425C-835B-C77596F5ABB0}
		{3F58033E-5839-C366-B751-7FB69E4784BD} = {662119E1-C7A2-4567-859F-E310E228EE46}
		{2F39C56A-CD62-188D-5A44-57AEEDD3CBB5} = {662119E1-C7A2-4567-859F-E310E228EE46}
		{24832994-4BCF-76F0-87C2-808C5C73DA24} = {662119E1-C7A2-4567-859F-E310E228EE46}
	EndGlobalSection
EndGlobal
