
Microsoft Visual Studio Solution File, Format Version 11.00
# Visual Studio 2010
Project("{8BC9CEB8-8B4A-11D0-8D11-00A0C91BC942}") = "GMLInstaller", "GMLInstaller\GMLInstaller.vcxproj", "{55CCE452-9B01-402E-83EE-588F39213D39}"
EndProject
Global
	GlobalSection(SolutionConfigurationPlatforms) = preSolution
		Debug|Win32 = Debug|Win32
		Release|Win32 = Release|Win32
	EndGlobalSection
	GlobalSection(ProjectConfigurationPlatforms) = postSolution
		{55CCE452-9B01-402E-83EE-588F39213D39}.Debug|Win32.ActiveCfg = Debug|Win32
		{55CCE452-9B01-402E-83EE-588F39213D39}.Debug|Win32.Build.0 = Debug|Win32
		{55CCE452-9B01-402E-83EE-588F39213D39}.Release|Win32.ActiveCfg = Release|Win32
		{55CCE452-9B01-402E-83EE-588F39213D39}.Release|Win32.Build.0 = Release|Win32
	EndGlobalSection
	GlobalSection(SolutionProperties) = preSolution
		HideSolutionNode = FALSE
	EndGlobalSection
EndGlobal
